{
  "name": "wrapp_editor",
  "lockfileVersion": 3,
  "requires": true,
  "packages": {
    "": {
      "dependencies": {
        "@types/vscode-webview": "^1.57.5"
      }
    },
    "node_modules/@types/vscode-webview": {
      "version": "1.57.5",
      "resolved": "https://registry.npmjs.org/@types/vscode-webview/-/vscode-webview-1.57.5.tgz",
      "integrity": "sha512-iBAUYNYkz+uk1kdsq05fEcoh8gJmwT3lqqFPN7MGyjQ3HVloViMdo7ZJ8DFIP8WOK74PjOEilosqAyxV2iUFUw=="
    }
  }
}
